{
  "version": 4,
  "terraform_version": "0.12.6",
  "serial": 123,
  "lineage": "965df148-a758-24f3-af07-3b048b089ef0",
  "outputs": {
    "lb_dns_name": {
      "value": [
        "scaling-1262251497.ap-southeast-2.elb.amazonaws.com"
      ],
      "type": [
        "tuple",
        [
          "string"
        ]
      ]
    }
  },
  "resources": [
    {
      "mode": "data",
      "type": "aws_caller_identity",
      "name": "current",
      "provider": "provider.aws",
      "instances": [
        {
          "schema_version": 0,
          "attributes": {
            "account_id": "771125400872",
            "arn": "arn:aws:iam::771125400872:user/wjensen",
            "id": "2019-10-07 06:21:34.625339 +0000 UTC",
            "user_id": "AIDA3HCVH2UUAP5LXPEUH"
          }
        }
      ]
    },
    {
      "mode": "data",
      "type": "aws_iam_policy_document",
      "name": "assume",
      "provider": "provider.aws",
      "instances": [
        {
          "schema_version": 0,
          "attributes": {
            "id": "1903849331",
            "json": "{\n  \"Version\": \"2012-10-17\",\n  \"Statement\": [\n    {\n      \"Sid\": \"\",\n      \"Effect\": \"Allow\",\n      \"Action\": \"sts:AssumeRole\",\n      \"Principal\": {\n        \"Service\": \"ec2.amazonaws.com\"\n      }\n    }\n  ]\n}",
            "override_json": null,
            "policy_id": null,
            "source_json": null,
            "statement": [
              {
                "actions": [
                  "sts:AssumeRole"
                ],
                "condition": [],
                "effect": "Allow",
                "not_actions": [],
                "not_principals": [],
                "not_resources": [],
                "principals": [
                  {
                    "identifiers": [
                      "ec2.amazonaws.com"
                    ],
                    "type": "Service"
                  }
                ],
                "resources": [],
                "sid": ""
              }
            ],
            "version": "2012-10-17"
          }
        }
      ]
    },
    {
      "mode": "data",
      "type": "aws_iam_policy_document",
      "name": "scaling",
      "provider": "provider.aws",
      "instances": [
        {
          "schema_version": 0,
          "attributes": {
            "id": "528512844",
            "json": "{\n  \"Version\": \"2012-10-17\",\n  \"Statement\": [\n    {\n      \"Sid\": \"S3Access\",\n      \"Effect\": \"Allow\",\n      \"Action\": [\n        \"s3:PutObject\",\n        \"s3:ListBucket\",\n        \"s3:GetObject\",\n        \"s3:DeleteObject\",\n        \"s3:DeleteBucket\",\n        \"s3:CreateBucket\"\n      ],\n      \"Resource\": [\n        \"arn:aws:s3:::wjensen-wikipedia-store/*\",\n        \"arn:aws:s3:::wjensen-wikipedia-store\"\n      ]\n    }\n  ]\n}",
            "override_json": null,
            "policy_id": null,
            "source_json": null,
            "statement": [
              {
                "actions": [
                  "s3:CreateBucket",
                  "s3:DeleteBucket",
                  "s3:DeleteObject",
                  "s3:GetObject",
                  "s3:ListBucket",
                  "s3:PutObject"
                ],
                "condition": [],
                "effect": "Allow",
                "not_actions": [],
                "not_principals": [],
                "not_resources": [],
                "principals": [],
                "resources": [
                  "arn:aws:s3:::wjensen-wikipedia-store",
                  "arn:aws:s3:::wjensen-wikipedia-store/*"
                ],
                "sid": "S3Access"
              }
            ],
            "version": "2012-10-17"
          }
        }
      ]
    },
    {
      "mode": "data",
      "type": "aws_partition",
      "name": "current",
      "provider": "provider.aws",
      "instances": [
        {
          "schema_version": 0,
          "attributes": {
            "id": "2019-10-07 06:21:33.52385 +0000 UTC",
            "partition": "aws"
          }
        }
      ]
    },
    {
      "mode": "data",
      "type": "terraform_remote_state",
      "name": "vpc",
      "provider": "provider.terraform",
      "instances": [
        {
          "schema_version": 0,
          "attributes": {
            "backend": "local",
            "config": {
              "value": {
                "path": "../vpc/terraform.tfstate"
              },
              "type": [
                "object",
                {
                  "path": "string"
                }
              ]
            },
            "defaults": null,
            "outputs": {
              "value": {
                "security_group_lb": [
                  "sg-06f89646077bdc919"
                ],
                "security_group_private": [
                  "sg-083eb421a7b49655d"
                ],
                "security_group_public": [
                  "sg-03f24103563fe1c94"
                ],
                "subnet_private": [
                  "subnet-0b440c17103f4290e",
                  "subnet-03da1dbdde83a9621",
                  "subnet-0991eccab8b0b7813"
                ],
                "subnet_public": [
                  "subnet-0850428a4188708e8",
                  "subnet-0ffb67d825b363c3c",
                  "subnet-086857a840d80ca5f"
                ],
                "vpc_id": [
                  "vpc-040cd8cce22b96c4a"
                ]
              },
              "type": [
                "object",
                {
                  "security_group_lb": [
                    "tuple",
                    [
                      "string"
                    ]
                  ],
                  "security_group_private": [
                    "tuple",
                    [
                      "string"
                    ]
                  ],
                  "security_group_public": [
                    "tuple",
                    [
                      "string"
                    ]
                  ],
                  "subnet_private": [
                    "tuple",
                    [
                      "string",
                      "string",
                      "string"
                    ]
                  ],
                  "subnet_public": [
                    "tuple",
                    [
                      "string",
                      "string",
                      "string"
                    ]
                  ],
                  "vpc_id": [
                    "tuple",
                    [
                      "string"
                    ]
                  ]
                }
              ]
            },
            "workspace": "default"
          }
        }
      ]
    },
    {
      "mode": "managed",
      "type": "aws_autoscaling_group",
      "name": "asg",
      "each": "list",
      "provider": "provider.aws",
      "instances": [
        {
          "index_key": 0,
          "schema_version": 0,
          "attributes": {
            "arn": "arn:aws:autoscaling:ap-southeast-2:771125400872:autoScalingGroup:d3f9edec-99b6-4595-a251-530e7ff46f15:autoScalingGroupName/scaling",
            "availability_zones": [
              "ap-southeast-2a",
              "ap-southeast-2b",
              "ap-southeast-2c"
            ],
            "default_cooldown": 60,
            "desired_capacity": 2,
            "enabled_metrics": null,
            "force_delete": false,
            "health_check_grace_period": 120,
            "health_check_type": "ELB",
            "id": "scaling",
            "initial_lifecycle_hook": [],
            "launch_configuration": "scaling-conf-20191007062146701600000001",
            "launch_template": [],
            "load_balancers": [],
            "max_size": 10,
            "metrics_granularity": "1Minute",
            "min_elb_capacity": null,
            "min_size": 2,
            "mixed_instances_policy": [],
            "name": "scaling",
            "name_prefix": null,
            "placement_group": "",
            "protect_from_scale_in": false,
            "service_linked_role_arn": "arn:aws:iam::771125400872:role/aws-service-role/autoscaling.amazonaws.com/AWSServiceRoleForAutoScaling",
            "suspended_processes": null,
            "tag": [],
            "tags": null,
            "target_group_arns": [
              "arn:aws:elasticloadbalancing:ap-southeast-2:771125400872:targetgroup/scaling/a2c591619db9c86a"
            ],
            "termination_policies": null,
            "timeouts": null,
            "vpc_zone_identifier": [
              "subnet-0850428a4188708e8",
              "subnet-086857a840d80ca5f",
              "subnet-0ffb67d825b363c3c"
            ],
            "wait_for_capacity_timeout": "10m",
            "wait_for_elb_capacity": null
          },
          "private": "eyJlMmJmYjczMC1lY2FhLTExZTYtOGY4OC0zNDM2M2JjN2M0YzAiOnsiZGVsZXRlIjo2MDAwMDAwMDAwMDB9fQ==",
          "depends_on": [
            "aws_launch_configuration.ec2_conf",
            "aws_lb_target_group.target",
            "data.terraform_remote_state.vpc"
          ]
        }
      ]
    },
    {
      "mode": "managed",
      "type": "aws_autoscaling_policy",
      "name": "scaling_policy",
      "each": "list",
      "provider": "provider.aws",
      "instances": [
        {
          "index_key": 0,
          "schema_version": 0,
          "attributes": {
            "adjustment_type": "",
            "arn": "arn:aws:autoscaling:ap-southeast-2:771125400872:scalingPolicy:0643ce88-62b7-4413-aaf5-08894d1f6ef1:autoScalingGroupName/scaling:policyName/scaling",
            "autoscaling_group_name": "scaling",
            "cooldown": 0,
            "estimated_instance_warmup": 30,
            "id": "scaling",
            "metric_aggregation_type": "",
            "min_adjustment_magnitude": null,
            "min_adjustment_step": null,
            "name": "scaling",
            "policy_type": "TargetTrackingScaling",
            "scaling_adjustment": 0,
            "step_adjustment": [],
            "target_tracking_configuration": [
              {
                "customized_metric_specification": [],
                "disable_scale_in": false,
                "predefined_metric_specification": [
                  {
                    "predefined_metric_type": "ASGAverageCPUUtilization",
                    "resource_label": ""
                  }
                ],
                "target_value": 50
              }
            ]
          },
          "private": "bnVsbA==",
          "depends_on": [
            "aws_autoscaling_group.asg"
          ]
        }
      ]
    },
    {
      "mode": "managed",
      "type": "aws_iam_instance_profile",
      "name": "scaling",
      "provider": "provider.aws",
      "instances": [
        {
          "schema_version": 0,
          "attributes": {
            "arn": "arn:aws:iam::771125400872:instance-profile/scaling",
            "create_date": "2019-10-07T00:38:20Z",
            "id": "scaling",
            "name": "scaling",
            "name_prefix": null,
            "path": "/",
            "role": "scaling",
            "roles": [
              "scaling"
            ],
            "unique_id": "AIPA3HCVH2UUHHD6GPP2T"
          },
          "private": "bnVsbA==",
          "depends_on": [
            "aws_iam_role.scaling"
          ]
        }
      ]
    },
    {
      "mode": "managed",
      "type": "aws_iam_role",
      "name": "scaling",
      "provider": "provider.aws",
      "instances": [
        {
          "schema_version": 0,
          "attributes": {
            "arn": "arn:aws:iam::771125400872:role/scaling",
            "assume_role_policy": "{\"Version\":\"2012-10-17\",\"Statement\":[{\"Sid\":\"\",\"Effect\":\"Allow\",\"Principal\":{\"Service\":\"ec2.amazonaws.com\"},\"Action\":\"sts:AssumeRole\"}]}",
            "create_date": "2019-10-06T23:10:45Z",
            "description": "",
            "force_detach_policies": false,
            "id": "scaling",
            "max_session_duration": 3600,
            "name": "scaling",
            "name_prefix": null,
            "path": "/",
            "permissions_boundary": null,
            "tags": {},
            "unique_id": "AROA3HCVH2UUMXLCVFW7F"
          },
          "private": "bnVsbA==",
          "depends_on": [
            "data.aws_iam_policy_document.assume"
          ]
        }
      ]
    },
    {
      "mode": "managed",
      "type": "aws_iam_role_policy",
      "name": "scaling",
      "provider": "provider.aws",
      "instances": [
        {
          "schema_version": 0,
          "attributes": {
            "id": "scaling:scaling",
            "name": "scaling",
            "name_prefix": null,
            "policy": "{\n  \"Version\": \"2012-10-17\",\n  \"Statement\": [\n    {\n      \"Sid\": \"S3Access\",\n      \"Effect\": \"Allow\",\n      \"Action\": [\n        \"s3:PutObject\",\n        \"s3:ListBucket\",\n        \"s3:GetObject\",\n        \"s3:DeleteObject\",\n        \"s3:DeleteBucket\",\n        \"s3:CreateBucket\"\n      ],\n      \"Resource\": [\n        \"arn:aws:s3:::wjensen-wikipedia-store/*\",\n        \"arn:aws:s3:::wjensen-wikipedia-store\"\n      ]\n    }\n  ]\n}",
            "role": "scaling"
          },
          "private": "bnVsbA==",
          "depends_on": [
            "aws_iam_role.scaling",
            "data.aws_iam_policy_document.scaling"
          ]
        }
      ]
    },
    {
      "mode": "managed",
      "type": "aws_launch_configuration",
      "name": "ec2_conf",
      "provider": "provider.aws",
      "instances": [
        {
          "schema_version": 0,
          "attributes": {
            "associate_public_ip_address": false,
            "ebs_block_device": [],
            "ebs_optimized": false,
            "enable_monitoring": true,
            "ephemeral_block_device": [],
            "iam_instance_profile": "scaling",
            "id": "scaling-conf-20191007062146701600000001",
            "image_id": "ami-0b76c3b150c6b1423",
            "instance_type": "t2.micro",
            "key_name": "adhoc",
            "name": "scaling-conf-20191007062146701600000001",
            "name_prefix": "scaling-conf-",
            "placement_tenancy": null,
            "root_block_device": [],
            "security_groups": [
              "sg-03f24103563fe1c94"
            ],
            "spot_price": "",
            "user_data": "be974a5cae2bc43a2fc5cce5dc3fd97a8f93b75e",
            "user_data_base64": null,
            "vpc_classic_link_id": "",
            "vpc_classic_link_security_groups": null
          },
          "private": "bnVsbA==",
          "depends_on": [
            "aws_iam_instance_profile.scaling",
            "data.terraform_remote_state.vpc"
          ]
        }
      ]
    },
    {
      "mode": "managed",
      "type": "aws_lb",
      "name": "lb",
      "each": "list",
      "provider": "provider.aws",
      "instances": [
        {
          "index_key": 0,
          "schema_version": 0,
          "attributes": {
            "access_logs": [
              {
                "bucket": "",
                "enabled": false,
                "prefix": ""
              }
            ],
            "arn": "arn:aws:elasticloadbalancing:ap-southeast-2:771125400872:loadbalancer/app/scaling/fbe003dd8328c1b4",
            "arn_suffix": "app/scaling/fbe003dd8328c1b4",
            "dns_name": "scaling-1262251497.ap-southeast-2.elb.amazonaws.com",
            "enable_cross_zone_load_balancing": null,
            "enable_deletion_protection": false,
            "enable_http2": true,
            "id": "arn:aws:elasticloadbalancing:ap-southeast-2:771125400872:loadbalancer/app/scaling/fbe003dd8328c1b4",
            "idle_timeout": 60,
            "internal": false,
            "ip_address_type": "ipv4",
            "load_balancer_type": "application",
            "name": "scaling",
            "name_prefix": null,
            "security_groups": [
              "sg-06f89646077bdc919"
            ],
            "subnet_mapping": [
              {
                "allocation_id": "",
                "subnet_id": "subnet-0850428a4188708e8"
              },
              {
                "allocation_id": "",
                "subnet_id": "subnet-086857a840d80ca5f"
              },
              {
                "allocation_id": "",
                "subnet_id": "subnet-0ffb67d825b363c3c"
              }
            ],
            "subnets": [
              "subnet-0850428a4188708e8",
              "subnet-086857a840d80ca5f",
              "subnet-0ffb67d825b363c3c"
            ],
            "tags": null,
            "timeouts": null,
            "vpc_id": "vpc-040cd8cce22b96c4a",
            "zone_id": "Z1GM3OXH4ZPM65"
          },
          "private": "eyJlMmJmYjczMC1lY2FhLTExZTYtOGY4OC0zNDM2M2JjN2M0YzAiOnsiY3JlYXRlIjo2MDAwMDAwMDAwMDAsImRlbGV0ZSI6NjAwMDAwMDAwMDAwLCJ1cGRhdGUiOjYwMDAwMDAwMDAwMH19",
          "depends_on": [
            "data.terraform_remote_state.vpc"
          ]
        }
      ]
    },
    {
      "mode": "managed",
      "type": "aws_lb_listener",
      "name": "listener",
      "each": "list",
      "provider": "provider.aws",
      "instances": [
        {
          "index_key": 0,
          "schema_version": 0,
          "attributes": {
            "arn": "arn:aws:elasticloadbalancing:ap-southeast-2:771125400872:listener/app/scaling/fbe003dd8328c1b4/52ee1b5a850a0ea2",
            "certificate_arn": null,
            "default_action": [
              {
                "authenticate_cognito": [],
                "authenticate_oidc": [],
                "fixed_response": [],
                "order": 1,
                "redirect": [],
                "target_group_arn": "arn:aws:elasticloadbalancing:ap-southeast-2:771125400872:targetgroup/scaling/a2c591619db9c86a",
                "type": "forward"
              }
            ],
            "id": "arn:aws:elasticloadbalancing:ap-southeast-2:771125400872:listener/app/scaling/fbe003dd8328c1b4/52ee1b5a850a0ea2",
            "load_balancer_arn": "arn:aws:elasticloadbalancing:ap-southeast-2:771125400872:loadbalancer/app/scaling/fbe003dd8328c1b4",
            "port": 80,
            "protocol": "HTTP",
            "ssl_policy": "",
            "timeouts": null
          },
          "private": "eyJlMmJmYjczMC1lY2FhLTExZTYtOGY4OC0zNDM2M2JjN2M0YzAiOnsicmVhZCI6NjAwMDAwMDAwMDAwfX0=",
          "depends_on": [
            "aws_lb.lb",
            "aws_lb_target_group.target"
          ]
        }
      ]
    },
    {
      "mode": "managed",
      "type": "aws_lb_target_group",
      "name": "target",
      "each": "list",
      "provider": "provider.aws",
      "instances": [
        {
          "index_key": 0,
          "schema_version": 0,
          "attributes": {
            "arn": "arn:aws:elasticloadbalancing:ap-southeast-2:771125400872:targetgroup/scaling/a2c591619db9c86a",
            "arn_suffix": "targetgroup/scaling/a2c591619db9c86a",
            "deregistration_delay": 60,
            "health_check": [
              {
                "enabled": true,
                "healthy_threshold": 3,
                "interval": 15,
                "matcher": "200",
                "path": "/",
                "port": "3000",
                "protocol": "HTTP",
                "timeout": 10,
                "unhealthy_threshold": 3
              }
            ],
            "id": "arn:aws:elasticloadbalancing:ap-southeast-2:771125400872:targetgroup/scaling/a2c591619db9c86a",
            "lambda_multi_value_headers_enabled": false,
            "name": "scaling",
            "name_prefix": null,
            "port": 3000,
            "protocol": "HTTP",
            "proxy_protocol_v2": false,
            "slow_start": 0,
            "stickiness": [
              {
                "cookie_duration": 86400,
                "enabled": false,
                "type": "lb_cookie"
              }
            ],
            "tags": null,
            "target_type": "instance",
            "vpc_id": "vpc-040cd8cce22b96c4a"
          },
          "private": "bnVsbA==",
          "depends_on": [
            "data.terraform_remote_state.vpc"
          ]
        }
      ]
    }
  ]
}
